
Microsoft Visual Studio Solution File, Format Version 12.00
# Visual Studio Version 17
VisualStudioVersion = 17.11.35327.3
MinimumVisualStudioVersion = 10.0.40219.1
Project("{FAE04EC0-301F-11D3-BF4B-00C04F79EFBC}") = "MyCred Core", "MyCred Core\MyCred Core.csproj", "{DA68D142-FFCB-4888-93BA-4996110C678B}"
EndProject
Global
	GlobalSection(SolutionConfigurationPlatforms) = preSolution
		Debug|Any CPU = Debug|Any CPU
		Release|Any CPU = Release|Any CPU
	EndGlobalSection
	GlobalSection(ProjectConfigurationPlatforms) = postSolution
		{DA68D142-FFCB-4888-93BA-4996110C678B}.Debug|Any CPU.ActiveCfg = Debug|Any CPU
		{DA68D142-FFCB-4888-93BA-4996110C678B}.Debug|Any CPU.Build.0 = Debug|Any CPU
		{DA68D142-FFCB-4888-93BA-4996110C678B}.Release|Any CPU.ActiveCfg = Release|Any CPU
		{DA68D142-FFCB-4888-93BA-4996110C678B}.Release|Any CPU.Build.0 = Release|Any CPU
	EndGlobalSection
	GlobalSection(SolutionProperties) = preSolution
		HideSolutionNode = FALSE
	EndGlobalSection
	GlobalSection(ExtensibilityGlobals) = postSolution
		SolutionGuid = {A39AB2C4-E984-429F-902B-EFDEFDF66197}
	EndGlobalSection
EndGlobal
